{
  "version": 4,
  "terraform_version": "1.15.3",
  "serial": 18,
  "lineage": "e2505bde-dffd-9525-751c-728b363fb2c4",
  "outputs": {
    "endpoints": {
      "value": {
        "blue": "http://localhost:9091",
        "green": "http://localhost:9092"
      },
      "type": [
        "object",
        {
          "blue": "string",
          "green": "string"
        }
      ]
    },
    "network_name": {
      "value": "demo-web-prod-net",
      "type": "string"
    }
  },
  "resources": [
    {
      "module": "module.web",
      "mode": "managed",
      "type": "docker_container",
      "name": "this",
      "provider": "provider[\"registry.terraform.io/kreuzwerker/docker\"]",
      "instances": [
        {
          "index_key": "green",
          "schema_version": 2,
          "attributes": {
            "attach": false,
            "bridge": "",
            "capabilities": [],
            "cgroup_parent": null,
            "cgroupns_mode": null,
            "command": [
              "nginx",
              "-g",
              "daemon off;"
            ],
            "container_logs": null,
            "container_read_refresh_timeout_milliseconds": 15000,
            "cpu_period": null,
            "cpu_quota": null,
            "cpu_set": "",
            "cpu_shares": 0,
            "cpus": null,
            "destroy_grace_seconds": null,
            "devices": [],
            "dns": [],
            "dns_opts": [],
            "dns_search": [],
            "domainname": "",
            "entrypoint": [
              "/docker-entrypoint.sh"
            ],
            "env": [],
            "exit_code": null,
            "gpus": null,
            "group_add": [],
            "healthcheck": [],
            "host": [],
            "hostname": "5727b8468c85",
            "id": "5727b8468c85deca478670ace30c0df9dbeeba9cb0dbb22c25068b8bd478ac50",
            "image": "sha256:65645c7bb6a0661892a8b03b89d0743208a18dd2f3f17a54ef4b76fb8e2f2a10",
            "init": false,
            "ipc_mode": "private",
            "labels": [
              {
                "label": "cost-center",
                "value": "engineering"
              },
              {
                "label": "environment",
                "value": "prod"
              },
              {
                "label": "managed-by",
                "value": "terraform"
              },
              {
                "label": "service",
                "value": "demo-web"
              },
              {
                "label": "tier",
                "value": "production"
              }
            ],
            "log_driver": "json-file",
            "log_opts": {},
            "logs": false,
            "max_retry_count": 0,
            "memory": 0,
            "memory_reservation": 0,
            "memory_swap": 0,
            "mounts": [],
            "must_run": true,
            "name": "demo-web-prod-green",
            "network_data": [
              {
                "gateway": "172.20.0.1",
                "global_ipv6_address": "",
                "global_ipv6_prefix_length": 0,
                "ip_address": "172.20.0.2",
                "ip_prefix_length": 16,
                "ipv6_gateway": "",
                "mac_address": "22:4a:df:1d:c4:b5",
                "network_name": "demo-web-prod-net"
              }
            ],
            "network_mode": "bridge",
            "networks_advanced": [
              {
                "aliases": [],
                "ipv4_address": "",
                "ipv6_address": "",
                "mac_address": "",
                "name": "demo-web-prod-net"
              }
            ],
            "pid_mode": "",
            "ports": [
              {
                "external": 9092,
                "internal": 80,
                "ip": "0.0.0.0",
                "protocol": "tcp"
              }
            ],
            "privileged": false,
            "publish_all_ports": false,
            "read_only": false,
            "remove_volumes": true,
            "restart": "always",
            "rm": false,
            "runtime": "runc",
            "security_opts": [],
            "shm_size": 64,
            "start": true,
            "stdin_open": false,
            "stop_signal": "SIGQUIT",
            "stop_timeout": 0,
            "storage_opts": {},
            "sysctls": {},
            "tmpfs": {},
            "tty": false,
            "ulimit": [],
            "upload": [
              {
                "content": "\u003c!DOCTYPE html\u003e\n\u003chtml lang=\"en\"\u003e\n\u003chead\u003e\n  \u003cmeta charset=\"utf-8\" /\u003e\n  \u003ctitle\u003edemo-web — PROD\u003c/title\u003e\n  \u003cstyle\u003e\n    body { font-family: system-ui, sans-serif; background:#0f172a; color:#e2e8f0;\n           display:flex; align-items:center; justify-content:center; height:100vh; margin:0; }\n    .card { text-align:center; padding:2.5rem 3rem; border:1px solid #334155;\n            border-radius:14px; background:#1e293b; }\n    h1 { margin:0 0 .25rem; }\n    .env { display:inline-block; padding:.2rem .7rem; border-radius:999px;\n           background:#7c3aed; font-size:.8rem; letter-spacing:.05em; }\n    code { color:#38bdf8; }\n  \u003c/style\u003e\n\u003c/head\u003e\n\u003cbody\u003e\n  \u003cdiv class=\"card\"\u003e\n    \u003cspan class=\"env\"\u003ePROD\u003c/span\u003e\n    \u003ch1\u003edemo-web\u003c/h1\u003e\n    \u003cp\u003eInstance: \u003ccode\u003egreen\u003c/code\u003e\u003c/p\u003e\n    \u003cp\u003eServed on host port \u003ccode\u003e9092\u003c/code\u003e\u003c/p\u003e\n    \u003cp\u003eProvisioned with Terraform.\u003c/p\u003e\n  \u003c/div\u003e\n\u003c/body\u003e\n\u003c/html\u003e\n",
                "content_base64": "",
                "executable": false,
                "file": "/usr/share/nginx/html/index.html",
                "permissions": "",
                "source": "",
                "source_hash": ""
              }
            ],
            "user": "",
            "userns_mode": "",
            "volumes": [],
            "wait": false,
            "wait_timeout": 60,
            "working_dir": "/"
          },
          "sensitive_attributes": [],
          "identity_schema_version": 0,
          "private": "eyJzY2hlbWFfdmVyc2lvbiI6IjIifQ==",
          "dependencies": [
            "module.web.docker_image.this",
            "module.web.docker_network.this"
          ],
          "create_before_destroy": true
        }
      ]
    },
    {
      "module": "module.web",
      "mode": "managed",
      "type": "docker_image",
      "name": "this",
      "provider": "provider[\"registry.terraform.io/kreuzwerker/docker\"]",
      "instances": [
        {
          "schema_version": 0,
          "attributes": {
            "build": [],
            "force_remove": null,
            "id": "sha256:65645c7bb6a0661892a8b03b89d0743208a18dd2f3f17a54ef4b76fb8e2f2a10nginx:1.27-alpine",
            "image_id": "sha256:65645c7bb6a0661892a8b03b89d0743208a18dd2f3f17a54ef4b76fb8e2f2a10",
            "keep_locally": true,
            "name": "nginx:1.27-alpine",
            "platform": null,
            "pull_triggers": null,
            "repo_digest": "nginx@sha256:65645c7bb6a0661892a8b03b89d0743208a18dd2f3f17a54ef4b76fb8e2f2a10",
            "timeouts": null,
            "triggers": null
          },
          "sensitive_attributes": [],
          "identity_schema_version": 0,
          "private": "eyJlMmJmYjczMC1lY2FhLTExZTYtOGY4OC0zNDM2M2JjN2M0YzAiOnsiY3JlYXRlIjoxMjAwMDAwMDAwMDAwLCJkZWxldGUiOjEyMDAwMDAwMDAwMDAsInVwZGF0ZSI6MTIwMDAwMDAwMDAwMH19",
          "create_before_destroy": true
        }
      ]
    },
    {
      "module": "module.web",
      "mode": "managed",
      "type": "docker_network",
      "name": "this",
      "provider": "provider[\"registry.terraform.io/kreuzwerker/docker\"]",
      "instances": [
        {
          "schema_version": 1,
          "attributes": {
            "attachable": false,
            "check_duplicate": null,
            "driver": "bridge",
            "id": "d47a1cd97dd1a7121b69c2ff8b654eac9eb0abaf751c320db4efa6966a2bb059",
            "ingress": false,
            "internal": false,
            "ipam_config": [
              {
                "aux_address": {},
                "gateway": "172.20.0.1",
                "ip_range": "",
                "subnet": "172.20.0.0/16"
              }
            ],
            "ipam_driver": "default",
            "ipam_options": {},
            "ipv6": false,
            "labels": [],
            "name": "demo-web-prod-net",
            "options": {
              "com.docker.network.enable_ipv4": "true",
              "com.docker.network.enable_ipv6": "false"
            },
            "scope": "local"
          },
          "sensitive_attributes": [],
          "identity_schema_version": 0,
          "private": "eyJzY2hlbWFfdmVyc2lvbiI6IjEifQ==",
          "create_before_destroy": true
        }
      ]
    }
  ],
  "check_results": [
    {
      "object_kind": "resource",
      "config_addr": "module.web.docker_container.this",
      "status": "unknown",
      "objects": null
    },
    {
      "object_kind": "var",
      "config_addr": "module.web.var.instances",
      "status": "unknown",
      "objects": null
    },
    {
      "object_kind": "var",
      "config_addr": "module.web.var.service_name",
      "status": "unknown",
      "objects": null
    },
    {
      "object_kind": "var",
      "config_addr": "module.web.var.environment",
      "status": "unknown",
      "objects": null
    }
  ]
}
